// !$*UTF8*$!
{
	archiveVersion = 1;
	classes = {
	};
	objectVersion = 55;
	objects = {

/* Begin PBXBuildFile section */
		042B0CDF285828E80091D9A5 /* SwiftUIView.swift in Sources */ = {isa = PBXBuildFile; fileRef = 042B0CDE285828E80091D9A5 /* SwiftUIView.swift */; };
		04DE0D4C285AC31B00B10126 /* MergeCat.swift in Sources */ = {isa = PBXBuildFile; fileRef = 04DE0D4B285AC31B00B10126 /* MergeCat.swift */; };
		106598C22856DD2C00F44728 /* PartialSheet in Frameworks */ = {isa = PBXBuildFile; productRef = 106598C12856DD2C00F44728 /* PartialSheet */; };
		106598C52856DD7200F44728 /* ConfettiSwiftUI in Frameworks */ = {isa = PBXBuildFile; productRef = 106598C42856DD7200F44728 /* ConfettiSwiftUI */; };
		107A58D1284F98BE003D6F2B /* RegisterStart.swift in Sources */ = {isa = PBXBuildFile; fileRef = 107A58D0284F98BE003D6F2B /* RegisterStart.swift */; };
		107A58D3284FA041003D6F2B /* RegisterCode.swift in Sources */ = {isa = PBXBuildFile; fileRef = 107A58D2284FA041003D6F2B /* RegisterCode.swift */; };
		107A58D5284FA055003D6F2B /* RegisterName.swift in Sources */ = {isa = PBXBuildFile; fileRef = 107A58D4284FA055003D6F2B /* RegisterName.swift */; };
		107A58D7284FA05E003D6F2B /* RegisterGender.swift in Sources */ = {isa = PBXBuildFile; fileRef = 107A58D6284FA05E003D6F2B /* RegisterGender.swift */; };
		107A58D9284FA08B003D6F2B /* RegisterAge.swift in Sources */ = {isa = PBXBuildFile; fileRef = 107A58D8284FA08B003D6F2B /* RegisterAge.swift */; };
		107A58DF284FA0A3003D6F2B /* RegisterAvatar.swift in Sources */ = {isa = PBXBuildFile; fileRef = 107A58DE284FA0A3003D6F2B /* RegisterAvatar.swift */; };
		107A58E3284FA4E5003D6F2B /* ColorExtension.swift in Sources */ = {isa = PBXBuildFile; fileRef = 107A58E2284FA4E5003D6F2B /* ColorExtension.swift */; };
		10B80EC92851D70D008EA0DF /* GilCatPicker.swift in Sources */ = {isa = PBXBuildFile; fileRef = 10B80EC82851D70D008EA0DF /* GilCatPicker.swift */; };
		10CFA9AF28503560003DBF63 /* GilCatTextField.swift in Sources */ = {isa = PBXBuildFile; fileRef = 10CFA9AE28503560003DBF63 /* GilCatTextField.swift */; };
		10CFA9B128504144003DBF63 /* GilCatTitle.swift in Sources */ = {isa = PBXBuildFile; fileRef = 10CFA9B028504144003DBF63 /* GilCatTitle.swift */; };
		10F486262855F290005A7ED6 /* VisibleExtension.swift in Sources */ = {isa = PBXBuildFile; fileRef = 10F486252855F290005A7ED6 /* VisibleExtension.swift */; };
		10FA62992856E8BC00DEAD4A /* Assets.xcassets in Resources */ = {isa = PBXBuildFile; fileRef = EF1DEE362849B796000268C7 /* Assets.xcassets */; };
		5800E59C2851908D002F6A75 /* PlaceholderTextField.swift in Sources */ = {isa = PBXBuildFile; fileRef = 5800E59B2851908D002F6A75 /* PlaceholderTextField.swift */; };
		5800E59E285191F3002F6A75 /* BarColorNavigation.swift in Sources */ = {isa = PBXBuildFile; fileRef = 5800E59D285191F3002F6A75 /* BarColorNavigation.swift */; };
		580A82A728598EF70045F26E /* NoteModel.swift in Sources */ = {isa = PBXBuildFile; fileRef = 580A82A628598EF70045F26E /* NoteModel.swift */; };
		58790F6C28558FD800B20552 /* NoteProfile.swift in Sources */ = {isa = PBXBuildFile; fileRef = 58790F6B28558FD800B20552 /* NoteProfile.swift */; };
		58790F6E28558FE300B20552 /* NoteFood.swift in Sources */ = {isa = PBXBuildFile; fileRef = 58790F6D28558FE300B20552 /* NoteFood.swift */; };
		58790F7028558FEE00B20552 /* NoteWater.swift in Sources */ = {isa = PBXBuildFile; fileRef = 58790F6F28558FEE00B20552 /* NoteWater.swift */; };
		58A2002B28520B5500C656DF /* Login.swift in Sources */ = {isa = PBXBuildFile; fileRef = 58A2002A28520B5500C656DF /* Login.swift */; };
		58A2002D28520B6F00C656DF /* Note.swift in Sources */ = {isa = PBXBuildFile; fileRef = 58A2002C28520B6F00C656DF /* Note.swift */; };
		58B21B102856ED3D00205AE5 /* Colors.xcassets in Resources */ = {isa = PBXBuildFile; fileRef = 58B21B0F2856ED3D00205AE5 /* Colors.xcassets */; };
		58B21B132856FFF900205AE5 /* CatSelectPopUpView.swift in Sources */ = {isa = PBXBuildFile; fileRef = 58B21B122856FFF900205AE5 /* CatSelectPopUpView.swift */; };
		58B21B1528570C4000205AE5 /* GilCatTimePicker.swift in Sources */ = {isa = PBXBuildFile; fileRef = 58B21B1428570C4000205AE5 /* GilCatTimePicker.swift */; };
		58B21B1728570C7800205AE5 /* NoteFoodEdit.swift in Sources */ = {isa = PBXBuildFile; fileRef = 58B21B1628570C7800205AE5 /* NoteFoodEdit.swift */; };
		58B21B192857189800205AE5 /* PickerSizeExtension.swift in Sources */ = {isa = PBXBuildFile; fileRef = 58B21B182857189800205AE5 /* PickerSizeExtension.swift */; };
		58E7FF872858FD870070D58B /* ScrollSnap.swift in Sources */ = {isa = PBXBuildFile; fileRef = 58E7FF862858FD870070D58B /* ScrollSnap.swift */; };
		BC5179F92852CC7100992BC5 /* GilCatImages.swift in Sources */ = {isa = PBXBuildFile; fileRef = BC5179F82852CC7100992BC5 /* GilCatImages.swift */; };
		BC5179FD2852CE0500992BC5 /* GilCatDescription.swift in Sources */ = {isa = PBXBuildFile; fileRef = BC5179FC2852CE0500992BC5 /* GilCatDescription.swift */; };
		BC5179FF2852CE2500992BC5 /* GilCatMainButton.swift in Sources */ = {isa = PBXBuildFile; fileRef = BC5179FE2852CE2500992BC5 /* GilCatMainButton.swift */; };
		BC517A032852DAEE00992BC5 /* RegisterFinish.swift in Sources */ = {isa = PBXBuildFile; fileRef = BC517A022852DAEE00992BC5 /* RegisterFinish.swift */; };
		BC517A0A2853769D00992BC5 /* GilCatInfo.swift in Sources */ = {isa = PBXBuildFile; fileRef = BC517A092853769D00992BC5 /* GilCatInfo.swift */; };
		BCC605CD2858C6A9004FD48F /* NewCatRegisterViewModel.swift in Sources */ = {isa = PBXBuildFile; fileRef = BCC605CC2858C6A9004FD48F /* NewCatRegisterViewModel.swift */; };
		BCC605D32859AF78004FD48F /* NoteTagEdit.swift in Sources */ = {isa = PBXBuildFile; fileRef = BCC605D22859AF78004FD48F /* NoteTagEdit.swift */; };
		BCC605D52859C466004FD48F /* NoteMemoWrite.swift in Sources */ = {isa = PBXBuildFile; fileRef = BCC605D42859C466004FD48F /* NoteMemoWrite.swift */; };
		EF1DEE332849B795000268C7 /* GilCatApp.swift in Sources */ = {isa = PBXBuildFile; fileRef = EF1DEE322849B795000268C7 /* GilCatApp.swift */; };
		EF1DEE3A2849B796000268C7 /* Preview Assets.xcassets in Resources */ = {isa = PBXBuildFile; fileRef = EF1DEE392849B796000268C7 /* Preview Assets.xcassets */; };
		EF97BE3128579C8F00D1B37E /* API.swift in Sources */ = {isa = PBXBuildFile; fileRef = EF97BE3028579C8F00D1B37E /* API.swift */; };
		EF97BE3428579D1300D1B37E /* Moya in Frameworks */ = {isa = PBXBuildFile; productRef = EF97BE3328579D1300D1B37E /* Moya */; };
		EF97BE37285808EA00D1B37E /* UsersAPI.swift in Sources */ = {isa = PBXBuildFile; fileRef = EF97BE36285808EA00D1B37E /* UsersAPI.swift */; };
		EF97BE3A28580E2100D1B37E /* AuthAPI.swift in Sources */ = {isa = PBXBuildFile; fileRef = EF97BE3928580E2100D1B37E /* AuthAPI.swift */; };
		EF97BE3E285811A400D1B37E /* EnCodable+.swift in Sources */ = {isa = PBXBuildFile; fileRef = EF97BE3D285811A400D1B37E /* EnCodable+.swift */; };
		EF97BE412858151B00D1B37E /* NetworkProvider.swift in Sources */ = {isa = PBXBuildFile; fileRef = EF97BE402858151B00D1B37E /* NetworkProvider.swift */; };
		EF97BE432858157300D1B37E /* NetworkLogging.swift in Sources */ = {isa = PBXBuildFile; fileRef = EF97BE422858157300D1B37E /* NetworkLogging.swift */; };
		EF97BE472858194300D1B37E /* AuthService.swift in Sources */ = {isa = PBXBuildFile; fileRef = EF97BE462858194300D1B37E /* AuthService.swift */; };
		EF97BE5228585ECB00D1B37E /* Home.swift in Sources */ = {isa = PBXBuildFile; fileRef = EF97BE5128585ECB00D1B37E /* Home.swift */; };
		EF97BE542858646500D1B37E /* HomeViewController.swift in Sources */ = {isa = PBXBuildFile; fileRef = EF97BE532858646500D1B37E /* HomeViewController.swift */; };
		EF97BE562858647400D1B37E /* HomeViewController.storyboard in Resources */ = {isa = PBXBuildFile; fileRef = EF97BE552858647400D1B37E /* HomeViewController.storyboard */; };
		EF97BE58285865FA00D1B37E /* HomeContainer.swift in Sources */ = {isa = PBXBuildFile; fileRef = EF97BE57285865FA00D1B37E /* HomeContainer.swift */; };
		EF97BE5B28587B0600D1B37E /* HomeViewModel.swift in Sources */ = {isa = PBXBuildFile; fileRef = EF97BE5A28587B0600D1B37E /* HomeViewModel.swift */; };
		EF97BE60285883FA00D1B37E /* GilCatLocationInformation.swift in Sources */ = {isa = PBXBuildFile; fileRef = EF97BE5F285883FA00D1B37E /* GilCatLocationInformation.swift */; };
		EF97BE622858841800D1B37E /* GilCatSizeInformation.swift in Sources */ = {isa = PBXBuildFile; fileRef = EF97BE612858841800D1B37E /* GilCatSizeInformation.swift */; };
		EF97BE642858846700D1B37E /* GilCatMapInformation.swift in Sources */ = {isa = PBXBuildFile; fileRef = EF97BE632858846700D1B37E /* GilCatMapInformation.swift */; };
		EF97BE6628589CF200D1B37E /* GilCatMapCount.swift in Sources */ = {isa = PBXBuildFile; fileRef = EF97BE6528589CF200D1B37E /* GilCatMapCount.swift */; };
		EFA7B92B2849E8AA006671EF /* .swiftlint.yml in Resources */ = {isa = PBXBuildFile; fileRef = EFA7B92A2849E8AA006671EF /* .swiftlint.yml */; };
		EFA7B9362849EB22006671EF /* ComponentsTestView.swift in Sources */ = {isa = PBXBuildFile; fileRef = EFA7B9352849EB22006671EF /* ComponentsTestView.swift */; };
		EFA7B9382849EB5C006671EF /* TestExtension.swift in Sources */ = {isa = PBXBuildFile; fileRef = EFA7B9372849EB5C006671EF /* TestExtension.swift */; };
		EFA7B969284B23EC006671EF /* GilCatTests.swift in Sources */ = {isa = PBXBuildFile; fileRef = EFA7B968284B23EC006671EF /* GilCatTests.swift */; };
/* End PBXBuildFile section */

/* Begin PBXContainerItemProxy section */
		EFA7B96A284B23EC006671EF /* PBXContainerItemProxy */ = {
			isa = PBXContainerItemProxy;
			containerPortal = EF1DEE272849B795000268C7 /* Project object */;
			proxyType = 1;
			remoteGlobalIDString = EF1DEE2E2849B795000268C7;
			remoteInfo = GilCat;
		};
/* End PBXContainerItemProxy section */

/* Begin PBXFileReference section */
		042B0CDE285828E80091D9A5 /* SwiftUIView.swift */ = {isa = PBXFileReference; lastKnownFileType = sourcecode.swift; path = SwiftUIView.swift; sourceTree = "<group>"; };
		04DE0D4B285AC31B00B10126 /* MergeCat.swift */ = {isa = PBXFileReference; lastKnownFileType = sourcecode.swift; path = MergeCat.swift; sourceTree = "<group>"; };
		107A58D0284F98BE003D6F2B /* RegisterStart.swift */ = {isa = PBXFileReference; lastKnownFileType = sourcecode.swift; path = RegisterStart.swift; sourceTree = "<group>"; };
		107A58D2284FA041003D6F2B /* RegisterCode.swift */ = {isa = PBXFileReference; lastKnownFileType = sourcecode.swift; path = RegisterCode.swift; sourceTree = "<group>"; };
		107A58D4284FA055003D6F2B /* RegisterName.swift */ = {isa = PBXFileReference; lastKnownFileType = sourcecode.swift; path = RegisterName.swift; sourceTree = "<group>"; };
		107A58D6284FA05E003D6F2B /* RegisterGender.swift */ = {isa = PBXFileReference; lastKnownFileType = sourcecode.swift; path = RegisterGender.swift; sourceTree = "<group>"; };
		107A58D8284FA08B003D6F2B /* RegisterAge.swift */ = {isa = PBXFileReference; lastKnownFileType = sourcecode.swift; path = RegisterAge.swift; sourceTree = "<group>"; };
		107A58DE284FA0A3003D6F2B /* RegisterAvatar.swift */ = {isa = PBXFileReference; lastKnownFileType = sourcecode.swift; path = RegisterAvatar.swift; sourceTree = "<group>"; };
		107A58E2284FA4E5003D6F2B /* ColorExtension.swift */ = {isa = PBXFileReference; lastKnownFileType = sourcecode.swift; path = ColorExtension.swift; sourceTree = "<group>"; };
		10B80EC82851D70D008EA0DF /* GilCatPicker.swift */ = {isa = PBXFileReference; lastKnownFileType = sourcecode.swift; path = GilCatPicker.swift; sourceTree = "<group>"; };
		10CFA9AE28503560003DBF63 /* GilCatTextField.swift */ = {isa = PBXFileReference; lastKnownFileType = sourcecode.swift; path = GilCatTextField.swift; sourceTree = "<group>"; };
		10CFA9B028504144003DBF63 /* GilCatTitle.swift */ = {isa = PBXFileReference; lastKnownFileType = sourcecode.swift; path = GilCatTitle.swift; sourceTree = "<group>"; };
		10F486252855F290005A7ED6 /* VisibleExtension.swift */ = {isa = PBXFileReference; lastKnownFileType = sourcecode.swift; path = VisibleExtension.swift; sourceTree = "<group>"; };
		10FA629A2857884B00DEAD4A /* Info.plist */ = {isa = PBXFileReference; lastKnownFileType = text.plist; path = Info.plist; sourceTree = "<group>"; };
		5800E59B2851908D002F6A75 /* PlaceholderTextField.swift */ = {isa = PBXFileReference; lastKnownFileType = sourcecode.swift; path = PlaceholderTextField.swift; sourceTree = "<group>"; };
		5800E59D285191F3002F6A75 /* BarColorNavigation.swift */ = {isa = PBXFileReference; lastKnownFileType = sourcecode.swift; path = BarColorNavigation.swift; sourceTree = "<group>"; };
		580A82A628598EF70045F26E /* NoteModel.swift */ = {isa = PBXFileReference; lastKnownFileType = sourcecode.swift; path = NoteModel.swift; sourceTree = "<group>"; };
		58790F6B28558FD800B20552 /* NoteProfile.swift */ = {isa = PBXFileReference; lastKnownFileType = sourcecode.swift; path = NoteProfile.swift; sourceTree = "<group>"; };
		58790F6D28558FE300B20552 /* NoteFood.swift */ = {isa = PBXFileReference; lastKnownFileType = sourcecode.swift; path = NoteFood.swift; sourceTree = "<group>"; };
		58790F6F28558FEE00B20552 /* NoteWater.swift */ = {isa = PBXFileReference; lastKnownFileType = sourcecode.swift; path = NoteWater.swift; sourceTree = "<group>"; };
		58A2002A28520B5500C656DF /* Login.swift */ = {isa = PBXFileReference; lastKnownFileType = sourcecode.swift; path = Login.swift; sourceTree = "<group>"; };
		58A2002C28520B6F00C656DF /* Note.swift */ = {isa = PBXFileReference; lastKnownFileType = sourcecode.swift; path = Note.swift; sourceTree = "<group>"; };
		58B21B0F2856ED3D00205AE5 /* Colors.xcassets */ = {isa = PBXFileReference; lastKnownFileType = folder.assetcatalog; path = Colors.xcassets; sourceTree = "<group>"; };
		58B21B122856FFF900205AE5 /* CatSelectPopUpView.swift */ = {isa = PBXFileReference; lastKnownFileType = sourcecode.swift; path = CatSelectPopUpView.swift; sourceTree = "<group>"; };
		58B21B1428570C4000205AE5 /* GilCatTimePicker.swift */ = {isa = PBXFileReference; lastKnownFileType = sourcecode.swift; path = GilCatTimePicker.swift; sourceTree = "<group>"; };
		58B21B1628570C7800205AE5 /* NoteFoodEdit.swift */ = {isa = PBXFileReference; lastKnownFileType = sourcecode.swift; path = NoteFoodEdit.swift; sourceTree = "<group>"; };
		58B21B182857189800205AE5 /* PickerSizeExtension.swift */ = {isa = PBXFileReference; lastKnownFileType = sourcecode.swift; path = PickerSizeExtension.swift; sourceTree = "<group>"; };
		58E7FF862858FD870070D58B /* ScrollSnap.swift */ = {isa = PBXFileReference; lastKnownFileType = sourcecode.swift; path = ScrollSnap.swift; sourceTree = "<group>"; };
		BC5179F82852CC7100992BC5 /* GilCatImages.swift */ = {isa = PBXFileReference; lastKnownFileType = sourcecode.swift; path = GilCatImages.swift; sourceTree = "<group>"; };
		BC5179FC2852CE0500992BC5 /* GilCatDescription.swift */ = {isa = PBXFileReference; lastKnownFileType = sourcecode.swift; path = GilCatDescription.swift; sourceTree = "<group>"; };
		BC5179FE2852CE2500992BC5 /* GilCatMainButton.swift */ = {isa = PBXFileReference; lastKnownFileType = sourcecode.swift; path = GilCatMainButton.swift; sourceTree = "<group>"; };
		BC517A022852DAEE00992BC5 /* RegisterFinish.swift */ = {isa = PBXFileReference; lastKnownFileType = sourcecode.swift; path = RegisterFinish.swift; sourceTree = "<group>"; };
		BC517A092853769D00992BC5 /* GilCatInfo.swift */ = {isa = PBXFileReference; lastKnownFileType = sourcecode.swift; path = GilCatInfo.swift; sourceTree = "<group>"; };
		BCC605CC2858C6A9004FD48F /* NewCatRegisterViewModel.swift */ = {isa = PBXFileReference; lastKnownFileType = sourcecode.swift; path = NewCatRegisterViewModel.swift; sourceTree = "<group>"; };
		BCC605D22859AF78004FD48F /* NoteTagEdit.swift */ = {isa = PBXFileReference; lastKnownFileType = sourcecode.swift; path = NoteTagEdit.swift; sourceTree = "<group>"; };
		BCC605D42859C466004FD48F /* NoteMemoWrite.swift */ = {isa = PBXFileReference; lastKnownFileType = sourcecode.swift; path = NoteMemoWrite.swift; sourceTree = "<group>"; };
		EF1DEE2F2849B795000268C7 /* GilCat.app */ = {isa = PBXFileReference; explicitFileType = wrapper.application; includeInIndex = 0; path = GilCat.app; sourceTree = BUILT_PRODUCTS_DIR; };
		EF1DEE322849B795000268C7 /* GilCatApp.swift */ = {isa = PBXFileReference; lastKnownFileType = sourcecode.swift; path = GilCatApp.swift; sourceTree = "<group>"; };
		EF1DEE362849B796000268C7 /* Assets.xcassets */ = {isa = PBXFileReference; lastKnownFileType = folder.assetcatalog; path = Assets.xcassets; sourceTree = "<group>"; };
		EF1DEE392849B796000268C7 /* Preview Assets.xcassets */ = {isa = PBXFileReference; lastKnownFileType = folder.assetcatalog; path = "Preview Assets.xcassets"; sourceTree = "<group>"; };
		EF97BE3028579C8F00D1B37E /* API.swift */ = {isa = PBXFileReference; lastKnownFileType = sourcecode.swift; path = API.swift; sourceTree = "<group>"; };
		EF97BE36285808EA00D1B37E /* UsersAPI.swift */ = {isa = PBXFileReference; lastKnownFileType = sourcecode.swift; path = UsersAPI.swift; sourceTree = "<group>"; };
		EF97BE3928580E2100D1B37E /* AuthAPI.swift */ = {isa = PBXFileReference; lastKnownFileType = sourcecode.swift; path = AuthAPI.swift; sourceTree = "<group>"; };
		EF97BE3D285811A400D1B37E /* EnCodable+.swift */ = {isa = PBXFileReference; lastKnownFileType = sourcecode.swift; path = "EnCodable+.swift"; sourceTree = "<group>"; };
		EF97BE402858151B00D1B37E /* NetworkProvider.swift */ = {isa = PBXFileReference; lastKnownFileType = sourcecode.swift; path = NetworkProvider.swift; sourceTree = "<group>"; };
		EF97BE422858157300D1B37E /* NetworkLogging.swift */ = {isa = PBXFileReference; lastKnownFileType = sourcecode.swift; path = NetworkLogging.swift; sourceTree = "<group>"; };
		EF97BE462858194300D1B37E /* AuthService.swift */ = {isa = PBXFileReference; lastKnownFileType = sourcecode.swift; path = AuthService.swift; sourceTree = "<group>"; };
		EF97BE5128585ECB00D1B37E /* Home.swift */ = {isa = PBXFileReference; lastKnownFileType = sourcecode.swift; path = Home.swift; sourceTree = "<group>"; };
		EF97BE532858646500D1B37E /* HomeViewController.swift */ = {isa = PBXFileReference; lastKnownFileType = sourcecode.swift; path = HomeViewController.swift; sourceTree = "<group>"; };
		EF97BE552858647400D1B37E /* HomeViewController.storyboard */ = {isa = PBXFileReference; lastKnownFileType = file.storyboard; path = HomeViewController.storyboard; sourceTree = "<group>"; };
		EF97BE57285865FA00D1B37E /* HomeContainer.swift */ = {isa = PBXFileReference; lastKnownFileType = sourcecode.swift; path = HomeContainer.swift; sourceTree = "<group>"; };
		EF97BE5A28587B0600D1B37E /* HomeViewModel.swift */ = {isa = PBXFileReference; lastKnownFileType = sourcecode.swift; path = HomeViewModel.swift; sourceTree = "<group>"; };
		EF97BE5F285883FA00D1B37E /* GilCatLocationInformation.swift */ = {isa = PBXFileReference; lastKnownFileType = sourcecode.swift; path = GilCatLocationInformation.swift; sourceTree = "<group>"; };
		EF97BE612858841800D1B37E /* GilCatSizeInformation.swift */ = {isa = PBXFileReference; lastKnownFileType = sourcecode.swift; path = GilCatSizeInformation.swift; sourceTree = "<group>"; };
		EF97BE632858846700D1B37E /* GilCatMapInformation.swift */ = {isa = PBXFileReference; lastKnownFileType = sourcecode.swift; path = GilCatMapInformation.swift; sourceTree = "<group>"; };
		EF97BE6528589CF200D1B37E /* GilCatMapCount.swift */ = {isa = PBXFileReference; lastKnownFileType = sourcecode.swift; path = GilCatMapCount.swift; sourceTree = "<group>"; };
		EFA7B92A2849E8AA006671EF /* .swiftlint.yml */ = {isa = PBXFileReference; lastKnownFileType = text.yaml; path = .swiftlint.yml; sourceTree = "<group>"; };
		EFA7B9352849EB22006671EF /* ComponentsTestView.swift */ = {isa = PBXFileReference; lastKnownFileType = sourcecode.swift; path = ComponentsTestView.swift; sourceTree = "<group>"; };
		EFA7B9372849EB5C006671EF /* TestExtension.swift */ = {isa = PBXFileReference; lastKnownFileType = sourcecode.swift; path = TestExtension.swift; sourceTree = "<group>"; };
		EFA7B966284B23EC006671EF /* GilCatTests.xctest */ = {isa = PBXFileReference; explicitFileType = wrapper.cfbundle; includeInIndex = 0; path = GilCatTests.xctest; sourceTree = BUILT_PRODUCTS_DIR; };
		EFA7B968284B23EC006671EF /* GilCatTests.swift */ = {isa = PBXFileReference; lastKnownFileType = sourcecode.swift; path = GilCatTests.swift; sourceTree = "<group>"; };
/* End PBXFileReference section */

/* Begin PBXFrameworksBuildPhase section */
		EF1DEE2C2849B795000268C7 /* Frameworks */ = {
			isa = PBXFrameworksBuildPhase;
			buildActionMask = 2147483647;
			files = (
				106598C52856DD7200F44728 /* ConfettiSwiftUI in Frameworks */,
				106598C22856DD2C00F44728 /* PartialSheet in Frameworks */,
				EF97BE3428579D1300D1B37E /* Moya in Frameworks */,
			);
			runOnlyForDeploymentPostprocessing = 0;
		};
		EFA7B963284B23EC006671EF /* Frameworks */ = {
			isa = PBXFrameworksBuildPhase;
			buildActionMask = 2147483647;
			files = (
			);
			runOnlyForDeploymentPostprocessing = 0;
		};
/* End PBXFrameworksBuildPhase section */

/* Begin PBXGroup section */
		042B0CDD285828DF0091D9A5 /* Logs */ = {
			isa = PBXGroup;
			children = (
				042B0CDE285828E80091D9A5 /* SwiftUIView.swift */,
			);
			path = Logs;
			sourceTree = "<group>";
		};
		107A58CF284F98A0003D6F2B /* Registers */ = {
			isa = PBXGroup;
			children = (
				107A58E4284FAB10003D6F2B /* registerViews */,
			);
			path = Registers;
			sourceTree = "<group>";
		};
		107A58E4284FAB10003D6F2B /* registerViews */ = {
			isa = PBXGroup;
			children = (
				107A58D0284F98BE003D6F2B /* RegisterStart.swift */,
				107A58D2284FA041003D6F2B /* RegisterCode.swift */,
				107A58D4284FA055003D6F2B /* RegisterName.swift */,
				107A58D6284FA05E003D6F2B /* RegisterGender.swift */,
				107A58D8284FA08B003D6F2B /* RegisterAge.swift */,
				107A58DE284FA0A3003D6F2B /* RegisterAvatar.swift */,
				BC517A022852DAEE00992BC5 /* RegisterFinish.swift */,
				BCC605CC2858C6A9004FD48F /* NewCatRegisterViewModel.swift */,
			);
			path = registerViews;
			sourceTree = "<group>";
		};
		580A82A528598EE00045F26E /* NoteViewModel */ = {
			isa = PBXGroup;
			children = (
				580A82A628598EF70045F26E /* NoteModel.swift */,
			);
			path = NoteViewModel;
			sourceTree = "<group>";
		};
		58A2002828520B2000C656DF /* Note */ = {
			isa = PBXGroup;
			children = (
				580A82A528598EE00045F26E /* NoteViewModel */,
				58A2002C28520B6F00C656DF /* Note.swift */,
				58790F6B28558FD800B20552 /* NoteProfile.swift */,
				58790F6D28558FE300B20552 /* NoteFood.swift */,
				58790F6F28558FEE00B20552 /* NoteWater.swift */,
				58B21B1628570C7800205AE5 /* NoteFoodEdit.swift */,
				BCC605D22859AF78004FD48F /* NoteTagEdit.swift */,
				BCC605D42859C466004FD48F /* NoteMemoWrite.swift */,
			);
			path = Note;
			sourceTree = "<group>";
		};
		58A2002928520B2900C656DF /* Login */ = {
			isa = PBXGroup;
			children = (
				58A2002A28520B5500C656DF /* Login.swift */,
			);
			path = Login;
			sourceTree = "<group>";
		};
		58A693992854CF6F00906D9D /* ViewModifier */ = {
			isa = PBXGroup;
			children = (
				5800E59B2851908D002F6A75 /* PlaceholderTextField.swift */,
				58E7FF862858FD870070D58B /* ScrollSnap.swift */,
			);
			path = ViewModifier;
			sourceTree = "<group>";
		};
		58B21B112856FFA700205AE5 /* MainPopUp */ = {
			isa = PBXGroup;
			children = (
				58B21B122856FFF900205AE5 /* CatSelectPopUpView.swift */,
				04DE0D4B285AC31B00B10126 /* MergeCat.swift */,
			);
			path = MainPopUp;
			sourceTree = "<group>";
		};
		EF1DEE262849B795000268C7 = {
			isa = PBXGroup;
			children = (
				EFA7B92A2849E8AA006671EF /* .swiftlint.yml */,
				EF1DEE312849B795000268C7 /* GilCat */,
				EFA7B967284B23EC006671EF /* GilCatTests */,
				EF1DEE302849B795000268C7 /* Products */,
			);
			sourceTree = "<group>";
		};
		EF1DEE302849B795000268C7 /* Products */ = {
			isa = PBXGroup;
			children = (
				EF1DEE2F2849B795000268C7 /* GilCat.app */,
				EFA7B966284B23EC006671EF /* GilCatTests.xctest */,
			);
			name = Products;
			sourceTree = "<group>";
		};
		EF1DEE312849B795000268C7 /* GilCat */ = {
			isa = PBXGroup;
			children = (
				10FA629A2857884B00DEAD4A /* Info.plist */,
				EF1DEE322849B795000268C7 /* GilCatApp.swift */,
				EFA7B9322849EAB7006671EF /* Sources */,
				EFA7B92C2849E9EA006671EF /* Resources */,
				EF1DEE382849B796000268C7 /* Preview Content */,
			);
			path = GilCat;
			sourceTree = "<group>";
		};
		EF1DEE382849B796000268C7 /* Preview Content */ = {
			isa = PBXGroup;
			children = (
				EF1DEE392849B796000268C7 /* Preview Assets.xcassets */,
			);
			path = "Preview Content";
			sourceTree = "<group>";
		};
		EF2443C9285904B500CFC16E /* Supporting Views */ = {
			isa = PBXGroup;
			children = (
				EF97BE57285865FA00D1B37E /* HomeContainer.swift */,
				EF97BE532858646500D1B37E /* HomeViewController.swift */,
				EF97BE552858647400D1B37E /* HomeViewController.storyboard */,
			);
			path = "Supporting Views";
			sourceTree = "<group>";
		};
		EF97BE2F28579C7800D1B37E /* Network */ = {
			isa = PBXGroup;
			children = (
				042B0CDD285828DF0091D9A5 /* Logs */,
				EF97BE3F285812A400D1B37E /* Users */,
				EF97BE3828580E1400D1B37E /* Auth */,
				EF97BE35285808AB00D1B37E /* Base */,
			);
			path = Network;
			sourceTree = "<group>";
		};
		EF97BE35285808AB00D1B37E /* Base */ = {
			isa = PBXGroup;
			children = (
				EF97BE3028579C8F00D1B37E /* API.swift */,
				EF97BE402858151B00D1B37E /* NetworkProvider.swift */,
				EF97BE422858157300D1B37E /* NetworkLogging.swift */,
			);
			path = Base;
			sourceTree = "<group>";
		};
		EF97BE3828580E1400D1B37E /* Auth */ = {
			isa = PBXGroup;
			children = (
				EF97BE3928580E2100D1B37E /* AuthAPI.swift */,
				EF97BE462858194300D1B37E /* AuthService.swift */,
			);
			path = Auth;
			sourceTree = "<group>";
		};
		EF97BE3F285812A400D1B37E /* Users */ = {
			isa = PBXGroup;
			children = (
				EF97BE36285808EA00D1B37E /* UsersAPI.swift */,
			);
			path = Users;
			sourceTree = "<group>";
		};
		EF97BE4D285832ED00D1B37E /* Model */ = {
			isa = PBXGroup;
			children = (
				BC517A092853769D00992BC5 /* GilCatInfo.swift */,
				EF97BE5F285883FA00D1B37E /* GilCatLocationInformation.swift */,
				EF97BE632858846700D1B37E /* GilCatMapInformation.swift */,
				EF97BE6528589CF200D1B37E /* GilCatMapCount.swift */,
				EF97BE612858841800D1B37E /* GilCatSizeInformation.swift */,
			);
			path = Model;
			sourceTree = "<group>";
		};
		EFA7B92C2849E9EA006671EF /* Resources */ = {
			isa = PBXGroup;
			children = (
				EF1DEE362849B796000268C7 /* Assets.xcassets */,
				58B21B0F2856ED3D00205AE5 /* Colors.xcassets */,
			);
			path = Resources;
			sourceTree = "<group>";
		};
		EFA7B92D2849EA09006671EF /* Screen */ = {
			isa = PBXGroup;
			children = (
				EFA7B93C2849EBD6006671EF /* Home */,
				58B21B112856FFA700205AE5 /* MainPopUp */,
				107A58CF284F98A0003D6F2B /* Registers */,
				58A2002828520B2000C656DF /* Note */,
				58A2002928520B2900C656DF /* Login */,
			);
			path = Screen;
			sourceTree = "<group>";
		};
		EFA7B92E2849EA8B006671EF /* Global */ = {
			isa = PBXGroup;
			children = (
				58A693992854CF6F00906D9D /* ViewModifier */,
				EFA7B9392849EB6E006671EF /* Helper */,
				EFA7B9302849EAA0006671EF /* Components */,
				EFA7B92F2849EA9B006671EF /* Extensions */,
			);
			path = Global;
			sourceTree = "<group>";
		};
		EFA7B92F2849EA9B006671EF /* Extensions */ = {
			isa = PBXGroup;
			children = (
				EFA7B9372849EB5C006671EF /* TestExtension.swift */,
				107A58E2284FA4E5003D6F2B /* ColorExtension.swift */,
				10F486252855F290005A7ED6 /* VisibleExtension.swift */,
				EF97BE3D285811A400D1B37E /* EnCodable+.swift */,
				58B21B182857189800205AE5 /* PickerSizeExtension.swift */,
			);
			path = Extensions;
			sourceTree = "<group>";
		};
		EFA7B9302849EAA0006671EF /* Components */ = {
			isa = PBXGroup;
			children = (
				EFA7B9352849EB22006671EF /* ComponentsTestView.swift */,
				10CFA9AE28503560003DBF63 /* GilCatTextField.swift */,
				10CFA9B028504144003DBF63 /* GilCatTitle.swift */,
				10B80EC82851D70D008EA0DF /* GilCatPicker.swift */,
				BC5179FC2852CE0500992BC5 /* GilCatDescription.swift */,
				BC5179FE2852CE2500992BC5 /* GilCatMainButton.swift */,
				5800E59D285191F3002F6A75 /* BarColorNavigation.swift */,
				58B21B1428570C4000205AE5 /* GilCatTimePicker.swift */,
			);
			path = Components;
			sourceTree = "<group>";
		};
		EFA7B9322849EAB7006671EF /* Sources */ = {
			isa = PBXGroup;
			children = (
				EF97BE2F28579C7800D1B37E /* Network */,
				EFA7B92E2849EA8B006671EF /* Global */,
				EF97BE4D285832ED00D1B37E /* Model */,
				EFA7B92D2849EA09006671EF /* Screen */,
			);
			path = Sources;
			sourceTree = "<group>";
		};
		EFA7B9392849EB6E006671EF /* Helper */ = {
			isa = PBXGroup;
			children = (
				BC5179F82852CC7100992BC5 /* GilCatImages.swift */,
			);
			path = Helper;
			sourceTree = "<group>";
		};
		EFA7B93C2849EBD6006671EF /* Home */ = {
			isa = PBXGroup;
			children = (
				EF2443C9285904B500CFC16E /* Supporting Views */,
				EF97BE5128585ECB00D1B37E /* Home.swift */,
				EF97BE5A28587B0600D1B37E /* HomeViewModel.swift */,
			);
			path = Home;
			sourceTree = "<group>";
		};
		EFA7B967284B23EC006671EF /* GilCatTests */ = {
			isa = PBXGroup;
			children = (
				EFA7B968284B23EC006671EF /* GilCatTests.swift */,
			);
			path = GilCatTests;
			sourceTree = "<group>";
		};
/* End PBXGroup section */

/* Begin PBXNativeTarget section */
		EF1DEE2E2849B795000268C7 /* GilCat */ = {
			isa = PBXNativeTarget;
			buildConfigurationList = EF1DEE3D2849B796000268C7 /* Build configuration list for PBXNativeTarget "GilCat" */;
			buildPhases = (
				EFA7B9292849E847006671EF /* SwiftLint Script */,
				EF1DEE2B2849B795000268C7 /* Sources */,
				EF1DEE2C2849B795000268C7 /* Frameworks */,
				EF1DEE2D2849B795000268C7 /* Resources */,
			);
			buildRules = (
			);
			dependencies = (
			);
			name = GilCat;
			packageProductDependencies = (
				106598C12856DD2C00F44728 /* PartialSheet */,
				106598C42856DD7200F44728 /* ConfettiSwiftUI */,
				EF97BE3328579D1300D1B37E /* Moya */,
			);
			productName = GilCat;
			productReference = EF1DEE2F2849B795000268C7 /* GilCat.app */;
			productType = "com.apple.product-type.application";
		};
		EFA7B965284B23EC006671EF /* GilCatTests */ = {
			isa = PBXNativeTarget;
			buildConfigurationList = EFA7B96C284B23EC006671EF /* Build configuration list for PBXNativeTarget "GilCatTests" */;
			buildPhases = (
				EFA7B962284B23EC006671EF /* Sources */,
				EFA7B963284B23EC006671EF /* Frameworks */,
				EFA7B964284B23EC006671EF /* Resources */,
			);
			buildRules = (
			);
			dependencies = (
				EFA7B96B284B23EC006671EF /* PBXTargetDependency */,
			);
			name = GilCatTests;
			productName = GilCatTests;
			productReference = EFA7B966284B23EC006671EF /* GilCatTests.xctest */;
			productType = "com.apple.product-type.bundle.unit-test";
		};
/* End PBXNativeTarget section */

/* Begin PBXProject section */
		EF1DEE272849B795000268C7 /* Project object */ = {
			isa = PBXProject;
			attributes = {
				BuildIndependentTargetsInParallel = 1;
				LastSwiftUpdateCheck = 1340;
				LastUpgradeCheck = 1340;
				TargetAttributes = {
					EF1DEE2E2849B795000268C7 = {
						CreatedOnToolsVersion = 13.4;
					};
					EFA7B965284B23EC006671EF = {
						CreatedOnToolsVersion = 13.4;
						TestTargetID = EF1DEE2E2849B795000268C7;
					};
				};
			};
			buildConfigurationList = EF1DEE2A2849B795000268C7 /* Build configuration list for PBXProject "GilCat" */;
			compatibilityVersion = "Xcode 13.0";
			developmentRegion = en;
			hasScannedForEncodings = 0;
			knownRegions = (
				en,
				Base,
			);
			mainGroup = EF1DEE262849B795000268C7;
			packageReferences = (
				BC517A042852E84D00992BC5 /* XCRemoteSwiftPackageReference "ConfettiSwiftUI" */,
				58790F6628558F3C00B20552 /* XCRemoteSwiftPackageReference "PartialSheet" */,
				EF97BE3228579D1300D1B37E /* XCRemoteSwiftPackageReference "Moya" */,
			);
			productRefGroup = EF1DEE302849B795000268C7 /* Products */;
			projectDirPath = "";
			projectRoot = "";
			targets = (
				EF1DEE2E2849B795000268C7 /* GilCat */,
				EFA7B965284B23EC006671EF /* GilCatTests */,
			);
		};
/* End PBXProject section */

/* Begin PBXResourcesBuildPhase section */
		EF1DEE2D2849B795000268C7 /* Resources */ = {
			isa = PBXResourcesBuildPhase;
			buildActionMask = 2147483647;
			files = (
				EF97BE562858647400D1B37E /* HomeViewController.storyboard in Resources */,
				EFA7B92B2849E8AA006671EF /* .swiftlint.yml in Resources */,
				58B21B102856ED3D00205AE5 /* Colors.xcassets in Resources */,
				10FA62992856E8BC00DEAD4A /* Assets.xcassets in Resources */,
				EF1DEE3A2849B796000268C7 /* Preview Assets.xcassets in Resources */,
			);
			runOnlyForDeploymentPostprocessing = 0;
		};
		EFA7B964284B23EC006671EF /* Resources */ = {
			isa = PBXResourcesBuildPhase;
			buildActionMask = 2147483647;
			files = (
			);
			runOnlyForDeploymentPostprocessing = 0;
		};
/* End PBXResourcesBuildPhase section */

/* Begin PBXShellScriptBuildPhase section */
		EFA7B9292849E847006671EF /* SwiftLint Script */ = {
			isa = PBXShellScriptBuildPhase;
			buildActionMask = 2147483647;
			files = (
			);
			inputFileListPaths = (
			);
			inputPaths = (
			);
			name = "SwiftLint Script";
			outputFileListPaths = (
			);
			outputPaths = (
			);
			runOnlyForDeploymentPostprocessing = 0;
			shellPath = /bin/sh;
			shellScript = "# 설정하기 https://github.com/realm/SwiftLint\n# ⚠️ M1 과 Intel 에서 SwiftLint 파일 경로가 다르기 때문에 주의\nexport PATH=\"$PATH:/opt/homebrew/bin\"\nif which swiftlint > /dev/null; then\n  swiftlint\nelse\n  echo \"warning: SwiftLint not installed, download from https://github.com/realm/SwiftLint\"\nfi\n\n";
		};
/* End PBXShellScriptBuildPhase section */

/* Begin PBXSourcesBuildPhase section */
		EF1DEE2B2849B795000268C7 /* Sources */ = {
			isa = PBXSourcesBuildPhase;
			buildActionMask = 2147483647;
			files = (
				107A58D9284FA08B003D6F2B /* RegisterAge.swift in Sources */,
				042B0CDF285828E80091D9A5 /* SwiftUIView.swift in Sources */,
				EF1DEE332849B795000268C7 /* GilCatApp.swift in Sources */,
				BC5179FD2852CE0500992BC5 /* GilCatDescription.swift in Sources */,
				EF97BE542858646500D1B37E /* HomeViewController.swift in Sources */,
				BC5179F92852CC7100992BC5 /* GilCatImages.swift in Sources */,
				EF97BE472858194300D1B37E /* AuthService.swift in Sources */,
				58B21B132856FFF900205AE5 /* CatSelectPopUpView.swift in Sources */,
				107A58DF284FA0A3003D6F2B /* RegisterAvatar.swift in Sources */,
				107A58D3284FA041003D6F2B /* RegisterCode.swift in Sources */,
				10CFA9AF28503560003DBF63 /* GilCatTextField.swift in Sources */,
				BC517A0A2853769D00992BC5 /* GilCatInfo.swift in Sources */,
				BC5179FF2852CE2500992BC5 /* GilCatMainButton.swift in Sources */,
				5800E59C2851908D002F6A75 /* PlaceholderTextField.swift in Sources */,
				58A2002B28520B5500C656DF /* Login.swift in Sources */,
				EF97BE3A28580E2100D1B37E /* AuthAPI.swift in Sources */,
				10F486262855F290005A7ED6 /* VisibleExtension.swift in Sources */,
				58B21B1528570C4000205AE5 /* GilCatTimePicker.swift in Sources */,
				BCC605D32859AF78004FD48F /* NoteTagEdit.swift in Sources */,
				EFA7B9362849EB22006671EF /* ComponentsTestView.swift in Sources */,
				EF97BE5228585ECB00D1B37E /* Home.swift in Sources */,
				BCC605D52859C466004FD48F /* NoteMemoWrite.swift in Sources */,
				EF97BE432858157300D1B37E /* NetworkLogging.swift in Sources */,
				107A58D1284F98BE003D6F2B /* RegisterStart.swift in Sources */,
				107A58E3284FA4E5003D6F2B /* ColorExtension.swift in Sources */,
				58E7FF872858FD870070D58B /* ScrollSnap.swift in Sources */,
				EF97BE3E285811A400D1B37E /* EnCodable+.swift in Sources */,
				EF97BE642858846700D1B37E /* GilCatMapInformation.swift in Sources */,
				10B80EC92851D70D008EA0DF /* GilCatPicker.swift in Sources */,
				EF97BE60285883FA00D1B37E /* GilCatLocationInformation.swift in Sources */,
				58790F6E28558FE300B20552 /* NoteFood.swift in Sources */,
				04DE0D4C285AC31B00B10126 /* MergeCat.swift in Sources */,
				58790F7028558FEE00B20552 /* NoteWater.swift in Sources */,
				58A2002D28520B6F00C656DF /* Note.swift in Sources */,
				EF97BE412858151B00D1B37E /* NetworkProvider.swift in Sources */,
				EF97BE58285865FA00D1B37E /* HomeContainer.swift in Sources */,
				58B21B1728570C7800205AE5 /* NoteFoodEdit.swift in Sources */,
				58790F6C28558FD800B20552 /* NoteProfile.swift in Sources */,
				5800E59E285191F3002F6A75 /* BarColorNavigation.swift in Sources */,
				EF97BE37285808EA00D1B37E /* UsersAPI.swift in Sources */,
				EF97BE6628589CF200D1B37E /* GilCatMapCount.swift in Sources */,
				EFA7B9382849EB5C006671EF /* TestExtension.swift in Sources */,
				58B21B192857189800205AE5 /* PickerSizeExtension.swift in Sources */,
				BCC605CD2858C6A9004FD48F /* NewCatRegisterViewModel.swift in Sources */,
				10CFA9B128504144003DBF63 /* GilCatTitle.swift in Sources */,
				EF97BE622858841800D1B37E /* GilCatSizeInformation.swift in Sources */,
				EF97BE5B28587B0600D1B37E /* HomeViewModel.swift in Sources */,
				BC517A032852DAEE00992BC5 /* RegisterFinish.swift in Sources */,
				107A58D5284FA055003D6F2B /* RegisterName.swift in Sources */,
				EF97BE3128579C8F00D1B37E /* API.swift in Sources */,
				107A58D7284FA05E003D6F2B /* RegisterGender.swift in Sources */,
				580A82A728598EF70045F26E /* NoteModel.swift in Sources */,
			);
			runOnlyForDeploymentPostprocessing = 0;
		};
		EFA7B962284B23EC006671EF /* Sources */ = {
			isa = PBXSourcesBuildPhase;
			buildActionMask = 2147483647;
			files = (
				EFA7B969284B23EC006671EF /* GilCatTests.swift in Sources */,
			);
			runOnlyForDeploymentPostprocessing = 0;
		};
/* End PBXSourcesBuildPhase section */

/* Begin PBXTargetDependency section */
		EFA7B96B284B23EC006671EF /* PBXTargetDependency */ = {
			isa = PBXTargetDependency;
			target = EF1DEE2E2849B795000268C7 /* GilCat */;
			targetProxy = EFA7B96A284B23EC006671EF /* PBXContainerItemProxy */;
		};
/* End PBXTargetDependency section */

/* Begin XCBuildConfiguration section */
		EF1DEE3B2849B796000268C7 /* Debug */ = {
			isa = XCBuildConfiguration;
			buildSettings = {
				ALWAYS_SEARCH_USER_PATHS = NO;
				CLANG_ANALYZER_NONNULL = YES;
				CLANG_ANALYZER_NUMBER_OBJECT_CONVERSION = YES_AGGRESSIVE;
				CLANG_CXX_LANGUAGE_STANDARD = "gnu++17";
				CLANG_ENABLE_MODULES = YES;
				CLANG_ENABLE_OBJC_ARC = YES;
				CLANG_ENABLE_OBJC_WEAK = YES;
				CLANG_WARN_BLOCK_CAPTURE_AUTORELEASING = YES;
				CLANG_WARN_BOOL_CONVERSION = YES;
				CLANG_WARN_COMMA = YES;
				CLANG_WARN_CONSTANT_CONVERSION = YES;
				CLANG_WARN_DEPRECATED_OBJC_IMPLEMENTATIONS = YES;
				CLANG_WARN_DIRECT_OBJC_ISA_USAGE = YES_ERROR;
				CLANG_WARN_DOCUMENTATION_COMMENTS = YES;
				CLANG_WARN_EMPTY_BODY = YES;
				CLANG_WARN_ENUM_CONVERSION = YES;
				CLANG_WARN_INFINITE_RECURSION = YES;
				CLANG_WARN_INT_CONVERSION = YES;
				CLANG_WARN_NON_LITERAL_NULL_CONVERSION = YES;
				CLANG_WARN_OBJC_IMPLICIT_RETAIN_SELF = YES;
				CLANG_WARN_OBJC_LITERAL_CONVERSION = YES;
				CLANG_WARN_OBJC_ROOT_CLASS = YES_ERROR;
				CLANG_WARN_QUOTED_INCLUDE_IN_FRAMEWORK_HEADER = YES;
				CLANG_WARN_RANGE_LOOP_ANALYSIS = YES;
				CLANG_WARN_STRICT_PROTOTYPES = YES;
				CLANG_WARN_SUSPICIOUS_MOVE = YES;
				CLANG_WARN_UNGUARDED_AVAILABILITY = YES_AGGRESSIVE;
				CLANG_WARN_UNREACHABLE_CODE = YES;
				CLANG_WARN__DUPLICATE_METHOD_MATCH = YES;
				COPY_PHASE_STRIP = NO;
				DEBUG_INFORMATION_FORMAT = dwarf;
				ENABLE_STRICT_OBJC_MSGSEND = YES;
				ENABLE_TESTABILITY = YES;
				GCC_C_LANGUAGE_STANDARD = gnu11;
				GCC_DYNAMIC_NO_PIC = NO;
				GCC_NO_COMMON_BLOCKS = YES;
				GCC_OPTIMIZATION_LEVEL = 0;
				GCC_PREPROCESSOR_DEFINITIONS = (
					"DEBUG=1",
					"$(inherited)",
				);
				GCC_WARN_64_TO_32_BIT_CONVERSION = YES;
				GCC_WARN_ABOUT_RETURN_TYPE = YES_ERROR;
				GCC_WARN_UNDECLARED_SELECTOR = YES;
				GCC_WARN_UNINITIALIZED_AUTOS = YES_AGGRESSIVE;
				GCC_WARN_UNUSED_FUNCTION = YES;
				GCC_WARN_UNUSED_VARIABLE = YES;
				IPHONEOS_DEPLOYMENT_TARGET = 15.2;
				MTL_ENABLE_DEBUG_INFO = INCLUDE_SOURCE;
				MTL_FAST_MATH = YES;
				ONLY_ACTIVE_ARCH = YES;
				SDKROOT = iphoneos;
				SWIFT_ACTIVE_COMPILATION_CONDITIONS = DEBUG;
				SWIFT_OPTIMIZATION_LEVEL = "-Onone";
			};
			name = Debug;
		};
		EF1DEE3C2849B796000268C7 /* Release */ = {
			isa = XCBuildConfiguration;
			buildSettings = {
				ALWAYS_SEARCH_USER_PATHS = NO;
				CLANG_ANALYZER_NONNULL = YES;
				CLANG_ANALYZER_NUMBER_OBJECT_CONVERSION = YES_AGGRESSIVE;
				CLANG_CXX_LANGUAGE_STANDARD = "gnu++17";
				CLANG_ENABLE_MODULES = YES;
				CLANG_ENABLE_OBJC_ARC = YES;
				CLANG_ENABLE_OBJC_WEAK = YES;
				CLANG_WARN_BLOCK_CAPTURE_AUTORELEASING = YES;
				CLANG_WARN_BOOL_CONVERSION = YES;
				CLANG_WARN_COMMA = YES;
				CLANG_WARN_CONSTANT_CONVERSION = YES;
				CLANG_WARN_DEPRECATED_OBJC_IMPLEMENTATIONS = YES;
				CLANG_WARN_DIRECT_OBJC_ISA_USAGE = YES_ERROR;
				CLANG_WARN_DOCUMENTATION_COMMENTS = YES;
				CLANG_WARN_EMPTY_BODY = YES;
				CLANG_WARN_ENUM_CONVERSION = YES;
				CLANG_WARN_INFINITE_RECURSION = YES;
				CLANG_WARN_INT_CONVERSION = YES;
				CLANG_WARN_NON_LITERAL_NULL_CONVERSION = YES;
				CLANG_WARN_OBJC_IMPLICIT_RETAIN_SELF = YES;
				CLANG_WARN_OBJC_LITERAL_CONVERSION = YES;
				CLANG_WARN_OBJC_ROOT_CLASS = YES_ERROR;
				CLANG_WARN_QUOTED_INCLUDE_IN_FRAMEWORK_HEADER = YES;
				CLANG_WARN_RANGE_LOOP_ANALYSIS = YES;
				CLANG_WARN_STRICT_PROTOTYPES = YES;
				CLANG_WARN_SUSPICIOUS_MOVE = YES;
				CLANG_WARN_UNGUARDED_AVAILABILITY = YES_AGGRESSIVE;
				CLANG_WARN_UNREACHABLE_CODE = YES;
				CLANG_WARN__DUPLICATE_METHOD_MATCH = YES;
				COPY_PHASE_STRIP = NO;
				DEBUG_INFORMATION_FORMAT = "dwarf-with-dsym";
				ENABLE_NS_ASSERTIONS = NO;
				ENABLE_STRICT_OBJC_MSGSEND = YES;
				GCC_C_LANGUAGE_STANDARD = gnu11;
				GCC_NO_COMMON_BLOCKS = YES;
				GCC_WARN_64_TO_32_BIT_CONVERSION = YES;
				GCC_WARN_ABOUT_RETURN_TYPE = YES_ERROR;
				GCC_WARN_UNDECLARED_SELECTOR = YES;
				GCC_WARN_UNINITIALIZED_AUTOS = YES_AGGRESSIVE;
				GCC_WARN_UNUSED_FUNCTION = YES;
				GCC_WARN_UNUSED_VARIABLE = YES;
				IPHONEOS_DEPLOYMENT_TARGET = 15.2;
				MTL_ENABLE_DEBUG_INFO = NO;
				MTL_FAST_MATH = YES;
				SDKROOT = iphoneos;
				SWIFT_COMPILATION_MODE = wholemodule;
				SWIFT_OPTIMIZATION_LEVEL = "-O";
				VALIDATE_PRODUCT = YES;
			};
			name = Release;
		};
		EF1DEE3E2849B796000268C7 /* Debug */ = {
			isa = XCBuildConfiguration;
			buildSettings = {
				ASSETCATALOG_COMPILER_APPICON_NAME = AppIcon;
				ASSETCATALOG_COMPILER_GLOBAL_ACCENT_COLOR_NAME = AccentColor;
				CODE_SIGN_STYLE = Automatic;
				CURRENT_PROJECT_VERSION = 1;
				DEVELOPMENT_ASSET_PATHS = "\"GilCat/Preview Content\"";
				DEVELOPMENT_TEAM = TZVHD77BLL;
				ENABLE_PREVIEWS = YES;
				GENERATE_INFOPLIST_FILE = YES;
				INFOPLIST_FILE = GilCat/Info.plist;
				INFOPLIST_KEY_UIApplicationSceneManifest_Generation = YES;
				INFOPLIST_KEY_UIApplicationSupportsIndirectInputEvents = YES;
				INFOPLIST_KEY_UILaunchScreen_Generation = YES;
				INFOPLIST_KEY_UISupportedInterfaceOrientations = UIInterfaceOrientationPortrait;
				INFOPLIST_KEY_UISupportedInterfaceOrientations_iPad = "UIInterfaceOrientationPortrait UIInterfaceOrientationPortraitUpsideDown UIInterfaceOrientationLandscapeLeft UIInterfaceOrientationLandscapeRight";
				INFOPLIST_KEY_UISupportedInterfaceOrientations_iPhone = UIInterfaceOrientationPortrait;
				IPHONEOS_DEPLOYMENT_TARGET = 15.2;
				LD_RUNPATH_SEARCH_PATHS = (
					"$(inherited)",
					"@executable_path/Frameworks",
				);
				MARKETING_VERSION = 1.0;
				PRODUCT_BUNDLE_IDENTIFIER = com.NDOM.GilCat;
				PRODUCT_NAME = "$(TARGET_NAME)";
				SWIFT_EMIT_LOC_STRINGS = YES;
				SWIFT_VERSION = 5.0;
				TARGETED_DEVICE_FAMILY = 1;
			};
			name = Debug;
		};
		EF1DEE3F2849B796000268C7 /* Release */ = {
			isa = XCBuildConfiguration;
			buildSettings = {
				ASSETCATALOG_COMPILER_APPICON_NAME = AppIcon;
				ASSETCATALOG_COMPILER_GLOBAL_ACCENT_COLOR_NAME = AccentColor;
				CODE_SIGN_STYLE = Automatic;
				CURRENT_PROJECT_VERSION = 1;
				DEVELOPMENT_ASSET_PATHS = "\"GilCat/Preview Content\"";
				DEVELOPMENT_TEAM = TZVHD77BLL;
				ENABLE_PREVIEWS = YES;
				GENERATE_INFOPLIST_FILE = YES;
				INFOPLIST_FILE = GilCat/Info.plist;
				INFOPLIST_KEY_UIApplicationSceneManifest_Generation = YES;
				INFOPLIST_KEY_UIApplicationSupportsIndirectInputEvents = YES;
				INFOPLIST_KEY_UILaunchScreen_Generation = YES;
				INFOPLIST_KEY_UISupportedInterfaceOrientations = UIInterfaceOrientationPortrait;
				INFOPLIST_KEY_UISupportedInterfaceOrientations_iPad = "UIInterfaceOrientationPortrait UIInterfaceOrientationPortraitUpsideDown UIInterfaceOrientationLandscapeLeft UIInterfaceOrientationLandscapeRight";
				INFOPLIST_KEY_UISupportedInterfaceOrientations_iPhone = UIInterfaceOrientationPortrait;
				IPHONEOS_DEPLOYMENT_TARGET = 15.2;
				LD_RUNPATH_SEARCH_PATHS = (
					"$(inherited)",
					"@executable_path/Frameworks",
				);
				MARKETING_VERSION = 1.0;
				PRODUCT_BUNDLE_IDENTIFIER = com.NDOM.GilCat;
				PRODUCT_NAME = "$(TARGET_NAME)";
				SWIFT_EMIT_LOC_STRINGS = YES;
				SWIFT_VERSION = 5.0;
				TARGETED_DEVICE_FAMILY = 1;
			};
			name = Release;
		};
		EFA7B96D284B23EC006671EF /* Debug */ = {
			isa = XCBuildConfiguration;
			buildSettings = {
				BUNDLE_LOADER = "$(TEST_HOST)";
				CODE_SIGN_STYLE = Automatic;
				CURRENT_PROJECT_VERSION = 1;
				GENERATE_INFOPLIST_FILE = YES;
				MARKETING_VERSION = 1.0;
				PRODUCT_BUNDLE_IDENTIFIER = com.woody.GilCatTests;
				PRODUCT_NAME = "$(TARGET_NAME)";
				SWIFT_EMIT_LOC_STRINGS = NO;
				SWIFT_VERSION = 5.0;
				TARGETED_DEVICE_FAMILY = "1,2";
				TEST_HOST = "$(BUILT_PRODUCTS_DIR)/GilCat.app/GilCat";
			};
			name = Debug;
		};
		EFA7B96E284B23EC006671EF /* Release */ = {
			isa = XCBuildConfiguration;
			buildSettings = {
				BUNDLE_LOADER = "$(TEST_HOST)";
				CODE_SIGN_STYLE = Automatic;
				CURRENT_PROJECT_VERSION = 1;
				GENERATE_INFOPLIST_FILE = YES;
				MARKETING_VERSION = 1.0;
				PRODUCT_BUNDLE_IDENTIFIER = com.woody.GilCatTests;
				PRODUCT_NAME = "$(TARGET_NAME)";
				SWIFT_EMIT_LOC_STRINGS = NO;
				SWIFT_VERSION = 5.0;
				TARGETED_DEVICE_FAMILY = "1,2";
				TEST_HOST = "$(BUILT_PRODUCTS_DIR)/GilCat.app/GilCat";
			};
			name = Release;
		};
/* End XCBuildConfiguration section */

/* Begin XCConfigurationList section */
		EF1DEE2A2849B795000268C7 /* Build configuration list for PBXProject "GilCat" */ = {
			isa = XCConfigurationList;
			buildConfigurations = (
				EF1DEE3B2849B796000268C7 /* Debug */,
				EF1DEE3C2849B796000268C7 /* Release */,
			);
			defaultConfigurationIsVisible = 0;
			defaultConfigurationName = Release;
		};
		EF1DEE3D2849B796000268C7 /* Build configuration list for PBXNativeTarget "GilCat" */ = {
			isa = XCConfigurationList;
			buildConfigurations = (
				EF1DEE3E2849B796000268C7 /* Debug */,
				EF1DEE3F2849B796000268C7 /* Release */,
			);
			defaultConfigurationIsVisible = 0;
			defaultConfigurationName = Release;
		};
		EFA7B96C284B23EC006671EF /* Build configuration list for PBXNativeTarget "GilCatTests" */ = {
			isa = XCConfigurationList;
			buildConfigurations = (
				EFA7B96D284B23EC006671EF /* Debug */,
				EFA7B96E284B23EC006671EF /* Release */,
			);
			defaultConfigurationIsVisible = 0;
			defaultConfigurationName = Release;
		};
/* End XCConfigurationList section */

/* Begin XCRemoteSwiftPackageReference section */
		58790F6628558F3C00B20552 /* XCRemoteSwiftPackageReference "PartialSheet" */ = {
			isa = XCRemoteSwiftPackageReference;
			repositoryURL = "https://github.com/AndreaMiotto/PartialSheet.git";
			requirement = {
				kind = upToNextMajorVersion;
				minimumVersion = 3.0.0;
			};
		};
		BC517A042852E84D00992BC5 /* XCRemoteSwiftPackageReference "ConfettiSwiftUI" */ = {
			isa = XCRemoteSwiftPackageReference;
			repositoryURL = "https://github.com/simibac/ConfettiSwiftUI.git";
			requirement = {
				kind = upToNextMajorVersion;
				minimumVersion = 1.0.0;
			};
		};
		EF97BE3228579D1300D1B37E /* XCRemoteSwiftPackageReference "Moya" */ = {
			isa = XCRemoteSwiftPackageReference;
			repositoryURL = "https://github.com/Moya/Moya.git";
			requirement = {
				branch = master;
				kind = branch;
			};
		};
/* End XCRemoteSwiftPackageReference section */

/* Begin XCSwiftPackageProductDependency section */
		106598C12856DD2C00F44728 /* PartialSheet */ = {
			isa = XCSwiftPackageProductDependency;
			package = 58790F6628558F3C00B20552 /* XCRemoteSwiftPackageReference "PartialSheet" */;
			productName = PartialSheet;
		};
		106598C42856DD7200F44728 /* ConfettiSwiftUI */ = {
			isa = XCSwiftPackageProductDependency;
			package = BC517A042852E84D00992BC5 /* XCRemoteSwiftPackageReference "ConfettiSwiftUI" */;
			productName = ConfettiSwiftUI;
		};
		EF97BE3328579D1300D1B37E /* Moya */ = {
			isa = XCSwiftPackageProductDependency;
			package = EF97BE3228579D1300D1B37E /* XCRemoteSwiftPackageReference "Moya" */;
			productName = Moya;
		};
/* End XCSwiftPackageProductDependency section */
	};
	rootObject = EF1DEE272849B795000268C7 /* Project object */;
}
