{
  "pins" : [
    {
      "identity" : "partialsheet#installation",
      "kind" : "remoteSourceControl",
      "location" : "https://github.com/AndreaMiotto/PartialSheet#installation",
      "state" : {
        "revision" : "318f18bfabd2b2ddf785babd2e53bd593c00a254",
        "version" : "3.1.0"
      }
    }
  ],
  "version" : 2
}
